
Microsoft Visual Studio Solution File, Format Version 12.00
# Visual C++ Express 2010
Project("{8BC9CEB8-8B4A-11D0-8D11-00A0C91BC942}") = "test0", "test0\test0.vcxproj", "{94C0BA62-2AC2-4CA5-8737-9DDB37591BC2}"
EndProject
Global
	GlobalSection(SolutionConfigurationPlatforms) = preSolution
		Debug|Win32 = Debug|Win32
		Release|Win32 = Release|Win32
	EndGlobalSection
	GlobalSection(ProjectConfigurationPlatforms) = postSolution
		{94C0BA62-2AC2-4CA5-8737-9DDB37591BC2}.Debug|Win32.ActiveCfg = Release|Win32
		{94C0BA62-2AC2-4CA5-8737-9DDB37591BC2}.Debug|Win32.Build.0 = Release|Win32
		{94C0BA62-2AC2-4CA5-8737-9DDB37591BC2}.Release|Win32.ActiveCfg = Release|Win32
		{94C0BA62-2AC2-4CA5-8737-9DDB37591BC2}.Release|Win32.Build.0 = Release|Win32
	EndGlobalSection
	GlobalSection(SolutionProperties) = preSolution
		HideSolutionNode = FALSE
	EndGlobalSection
EndGlobal
